
Microsoft Visual Studio Solution File, Format Version 12.00
# Visual Studio Version 16
VisualStudioVersion = 16.0.33529.622
MinimumVisualStudioVersion = 10.0.40219.1
Project("{FAE04EC0-301F-11D3-BF4B-00C04F79EFBC}") = "gameProject", "gameProject\gameProject.csproj", "{A869C8A0-474C-441C-9610-05B5BAA29838}"
EndProject
Global
	GlobalSection(SolutionConfigurationPlatforms) = preSolution
		Debug|Any CPU = Debug|Any CPU
		Release|Any CPU = Release|Any CPU
	EndGlobalSection
	GlobalSection(ProjectConfigurationPlatforms) = postSolution
		{A869C8A0-474C-441C-9610-05B5BAA29838}.Debug|Any CPU.ActiveCfg = Debug|Any CPU
		{A869C8A0-474C-441C-9610-05B5BAA29838}.Debug|Any CPU.Build.0 = Debug|Any CPU
		{A869C8A0-474C-441C-9610-05B5BAA29838}.Release|Any CPU.ActiveCfg = Release|Any CPU
		{A869C8A0-474C-441C-9610-05B5BAA29838}.Release|Any CPU.Build.0 = Release|Any CPU
	EndGlobalSection
	GlobalSection(SolutionProperties) = preSolution
		HideSolutionNode = FALSE
	EndGlobalSection
	GlobalSection(ExtensibilityGlobals) = postSolution
		SolutionGuid = {6CF604F9-F2D8-4700-A2E1-3C515658E3BD}
	EndGlobalSection
EndGlobal
